lockfileVersion: '9.0'

settings:
  autoInstallPeers: true
  excludeLinksFromLockfile: false

importers:

  .: {}

  apps/consumer:
    dependencies:
      lodash:
        specifier: ^4.17.21
        version: 4.17.21
      plus:
        specifier: workspace:*
        version: link:../../packages/plus

  packages/plus:
    dependencies:
      dayjs:
        specifier: ^1.11.13
        version: 1.11.13

packages:

  dayjs@1.11.13:
    resolution: {integrity: sha512-oaMBel6gjolK862uaPQOVTA7q3TZhuSvuMQAAglQDOWYO9A91IrAOUJEyKVlqJlHE0vq5p5UXxzdPfMH/x6xNg==}

  lodash@4.17.21:
    resolution: {integrity: sha512-v2kDEe57lecTulaDIuNTPy3Ry4gLGJ6Z1O3vE1krgXZNrsQ+LFTGHVxVjcXPs17LhbZVGedAJv8XZ1tvj5FvSg==}

snapshots:

  dayjs@1.11.13: {}

  lodash@4.17.21: {}
